
Microsoft Visual Studio Solution File, Format Version 12.00
# Visual Studio Version 16
VisualStudioVersion = 16.0.29613.14
MinimumVisualStudioVersion = 10.0.40219.1
Project("{FAE04EC0-301F-11D3-BF4B-00C04F79EFBC}") = "LibraryManagement", "LibraryManagement.csproj", "{178C8F69-82F9-4251-8F15-5578C9B3ECC1}"
EndProject
Global
	GlobalSection(SolutionConfigurationPlatforms) = preSolution
		Debug|Any CPU = Debug|Any CPU
		Release|Any CPU = Release|Any CPU
	EndGlobalSection
	GlobalSection(ProjectConfigurationPlatforms) = postSolution
		{178C8F69-82F9-4251-8F15-5578C9B3ECC1}.Debug|Any CPU.ActiveCfg = Debug|Any CPU
		{178C8F69-82F9-4251-8F15-5578C9B3ECC1}.Debug|Any CPU.Build.0 = Debug|Any CPU
		{178C8F69-82F9-4251-8F15-5578C9B3ECC1}.Release|Any CPU.ActiveCfg = Release|Any CPU
		{178C8F69-82F9-4251-8F15-5578C9B3ECC1}.Release|Any CPU.Build.0 = Release|Any CPU
	EndGlobalSection
	GlobalSection(SolutionProperties) = preSolution
		HideSolutionNode = FALSE
	EndGlobalSection
	GlobalSection(ExtensibilityGlobals) = postSolution
		SolutionGuid = {879CDF4E-DB54-47CB-A997-1B9147C1EA2F}
	EndGlobalSection
EndGlobal
